// !$*UTF8*$!
{
	archiveVersion = 1;
	classes = {
	};
	objectVersion = 46;
	objects = {

/* Begin PBXBuildFile section */
		B22B856215653CEF0001A7C2 /* Cocoa.framework in Frameworks */ = {isa = PBXBuildFile; fileRef = B22B856115653CEF0001A7C2 /* Cocoa.framework */; };
		B22B856C15653CEF0001A7C2 /* InfoPlist.strings in Resources */ = {isa = PBXBuildFile; fileRef = B22B856A15653CEF0001A7C2 /* InfoPlist.strings */; };
		B22B856E15653CEF0001A7C2 /* main.m in Sources */ = {isa = PBXBuildFile; fileRef = B22B856D15653CEF0001A7C2 /* main.m */; };
		B22B857215653CF00001A7C2 /* Credits.rtf in Resources */ = {isa = PBXBuildFile; fileRef = B22B857015653CF00001A7C2 /* Credits.rtf */; };
		B22B857515653CF00001A7C2 /* AppDelegate.m in Sources */ = {isa = PBXBuildFile; fileRef = B22B857415653CF00001A7C2 /* AppDelegate.m */; };
		B22B857815653CF00001A7C2 /* MainMenu.xib in Resources */ = {isa = PBXBuildFile; fileRef = B22B857615653CF00001A7C2 /* MainMenu.xib */; };
		B22B858115653D050001A7C2 /* MACAddress.m in Sources */ = {isa = PBXBuildFile; fileRef = B22B858015653D050001A7C2 /* MACAddress.m */; };
/* End PBXBuildFile section */

/* Begin PBXFileReference section */
		B22B855D15653CEF0001A7C2 /* MACAddress.app */ = {isa = PBXFileReference; explicitFileType = wrapper.application; includeInIndex = 0; path = MACAddress.app; sourceTree = BUILT_PRODUCTS_DIR; };
		B22B856115653CEF0001A7C2 /* Cocoa.framework */ = {isa = PBXFileReference; lastKnownFileType = wrapper.framework; name = Cocoa.framework; path = System/Library/Frameworks/Cocoa.framework; sourceTree = SDKROOT; };
		B22B856415653CEF0001A7C2 /* AppKit.framework */ = {isa = PBXFileReference; lastKnownFileType = wrapper.framework; name = AppKit.framework; path = System/Library/Frameworks/AppKit.framework; sourceTree = SDKROOT; };
		B22B856515653CEF0001A7C2 /* CoreData.framework */ = {isa = PBXFileReference; lastKnownFileType = wrapper.framework; name = CoreData.framework; path = System/Library/Frameworks/CoreData.framework; sourceTree = SDKROOT; };
		B22B856615653CEF0001A7C2 /* Foundation.framework */ = {isa = PBXFileReference; lastKnownFileType = wrapper.framework; name = Foundation.framework; path = System/Library/Frameworks/Foundation.framework; sourceTree = SDKROOT; };
		B22B856915653CEF0001A7C2 /* MACAddress-Info.plist */ = {isa = PBXFileReference; lastKnownFileType = text.plist.xml; path = "MACAddress-Info.plist"; sourceTree = "<group>"; };
		B22B856B15653CEF0001A7C2 /* en */ = {isa = PBXFileReference; lastKnownFileType = text.plist.strings; name = en; path = en.lproj/InfoPlist.strings; sourceTree = "<group>"; };
		B22B856D15653CEF0001A7C2 /* main.m */ = {isa = PBXFileReference; lastKnownFileType = sourcecode.c.objc; path = main.m; sourceTree = "<group>"; };
		B22B856F15653CEF0001A7C2 /* MACAddress-Prefix.pch */ = {isa = PBXFileReference; lastKnownFileType = sourcecode.c.h; path = "MACAddress-Prefix.pch"; sourceTree = "<group>"; };
		B22B857115653CF00001A7C2 /* en */ = {isa = PBXFileReference; lastKnownFileType = text.rtf; name = en; path = en.lproj/Credits.rtf; sourceTree = "<group>"; };
		B22B857315653CF00001A7C2 /* AppDelegate.h */ = {isa = PBXFileReference; lastKnownFileType = sourcecode.c.h; path = AppDelegate.h; sourceTree = "<group>"; };
		B22B857415653CF00001A7C2 /* AppDelegate.m */ = {isa = PBXFileReference; lastKnownFileType = sourcecode.c.objc; path = AppDelegate.m; sourceTree = "<group>"; };
		B22B857715653CF00001A7C2 /* en */ = {isa = PBXFileReference; lastKnownFileType = file.xib; name = en; path = en.lproj/MainMenu.xib; sourceTree = "<group>"; };
		B22B857F15653D050001A7C2 /* MACAddress.h */ = {isa = PBXFileReference; fileEncoding = 4; lastKnownFileType = sourcecode.c.h; path = MACAddress.h; sourceTree = "<group>"; };
		B22B858015653D050001A7C2 /* MACAddress.m */ = {isa = PBXFileReference; fileEncoding = 4; lastKnownFileType = sourcecode.c.objc; path = MACAddress.m; sourceTree = "<group>"; };
/* End PBXFileReference section */

/* Begin PBXFrameworksBuildPhase section */
		B22B855A15653CEF0001A7C2 /* Frameworks */ = {
			isa = PBXFrameworksBuildPhase;
			buildActionMask = 2147483647;
			files = (
				B22B856215653CEF0001A7C2 /* Cocoa.framework in Frameworks */,
			);
			runOnlyForDeploymentPostprocessing = 0;
		};
/* End PBXFrameworksBuildPhase section */

/* Begin PBXGroup section */
		B22B855215653CEF0001A7C2 = {
			isa = PBXGroup;
			children = (
				B22B857E15653D050001A7C2 /* MACAddress */,
				B22B856715653CEF0001A7C2 /* MACAddress */,
				B22B856015653CEF0001A7C2 /* Frameworks */,
				B22B855E15653CEF0001A7C2 /* Products */,
			);
			sourceTree = "<group>";
		};
		B22B855E15653CEF0001A7C2 /* Products */ = {
			isa = PBXGroup;
			children = (
				B22B855D15653CEF0001A7C2 /* MACAddress.app */,
			);
			name = Products;
			sourceTree = "<group>";
		};
		B22B856015653CEF0001A7C2 /* Frameworks */ = {
			isa = PBXGroup;
			children = (
				B22B856115653CEF0001A7C2 /* Cocoa.framework */,
				B22B856315653CEF0001A7C2 /* Other Frameworks */,
			);
			name = Frameworks;
			sourceTree = "<group>";
		};
		B22B856315653CEF0001A7C2 /* Other Frameworks */ = {
			isa = PBXGroup;
			children = (
				B22B856415653CEF0001A7C2 /* AppKit.framework */,
				B22B856515653CEF0001A7C2 /* CoreData.framework */,
				B22B856615653CEF0001A7C2 /* Foundation.framework */,
			);
			name = "Other Frameworks";
			sourceTree = "<group>";
		};
		B22B856715653CEF0001A7C2 /* MACAddress */ = {
			isa = PBXGroup;
			children = (
				B22B857315653CF00001A7C2 /* AppDelegate.h */,
				B22B857415653CF00001A7C2 /* AppDelegate.m */,
				B22B857615653CF00001A7C2 /* MainMenu.xib */,
				B22B856815653CEF0001A7C2 /* Supporting Files */,
			);
			path = MACAddress;
			sourceTree = "<group>";
		};
		B22B856815653CEF0001A7C2 /* Supporting Files */ = {
			isa = PBXGroup;
			children = (
				B22B856915653CEF0001A7C2 /* MACAddress-Info.plist */,
				B22B856A15653CEF0001A7C2 /* InfoPlist.strings */,
				B22B856D15653CEF0001A7C2 /* main.m */,
				B22B856F15653CEF0001A7C2 /* MACAddress-Prefix.pch */,
				B22B857015653CF00001A7C2 /* Credits.rtf */,
			);
			name = "Supporting Files";
			sourceTree = "<group>";
		};
		B22B857E15653D050001A7C2 /* MACAddress */ = {
			isa = PBXGroup;
			children = (
				B22B857F15653D050001A7C2 /* MACAddress.h */,
				B22B858015653D050001A7C2 /* MACAddress.m */,
			);
			name = MACAddress;
			path = ../../MACAddress;
			sourceTree = "<group>";
		};
/* End PBXGroup section */

/* Begin PBXNativeTarget section */
		B22B855C15653CEF0001A7C2 /* MACAddress */ = {
			isa = PBXNativeTarget;
			buildConfigurationList = B22B857B15653CF00001A7C2 /* Build configuration list for PBXNativeTarget "MACAddress" */;
			buildPhases = (
				B22B855915653CEF0001A7C2 /* Sources */,
				B22B855A15653CEF0001A7C2 /* Frameworks */,
				B22B855B15653CEF0001A7C2 /* Resources */,
			);
			buildRules = (
			);
			dependencies = (
			);
			name = MACAddress;
			productName = MACAddress;
			productReference = B22B855D15653CEF0001A7C2 /* MACAddress.app */;
			productType = "com.apple.product-type.application";
		};
/* End PBXNativeTarget section */

/* Begin PBXProject section */
		B22B855415653CEF0001A7C2 /* Project object */ = {
			isa = PBXProject;
			attributes = {
				LastUpgradeCheck = 0430;
			};
			buildConfigurationList = B22B855715653CEF0001A7C2 /* Build configuration list for PBXProject "MACAddress" */;
			compatibilityVersion = "Xcode 3.2";
			developmentRegion = English;
			hasScannedForEncodings = 0;
			knownRegions = (
				en,
			);
			mainGroup = B22B855215653CEF0001A7C2;
			productRefGroup = B22B855E15653CEF0001A7C2 /* Products */;
			projectDirPath = "";
			projectRoot = "";
			targets = (
				B22B855C15653CEF0001A7C2 /* MACAddress */,
			);
		};
/* End PBXProject section */

/* Begin PBXResourcesBuildPhase section */
		B22B855B15653CEF0001A7C2 /* Resources */ = {
			isa = PBXResourcesBuildPhase;
			buildActionMask = 2147483647;
			files = (
				B22B856C15653CEF0001A7C2 /* InfoPlist.strings in Resources */,
				B22B857215653CF00001A7C2 /* Credits.rtf in Resources */,
				B22B857815653CF00001A7C2 /* MainMenu.xib in Resources */,
			);
			runOnlyForDeploymentPostprocessing = 0;
		};
/* End PBXResourcesBuildPhase section */

/* Begin PBXSourcesBuildPhase section */
		B22B855915653CEF0001A7C2 /* Sources */ = {
			isa = PBXSourcesBuildPhase;
			buildActionMask = 2147483647;
			files = (
				B22B856E15653CEF0001A7C2 /* main.m in Sources */,
				B22B857515653CF00001A7C2 /* AppDelegate.m in Sources */,
				B22B858115653D050001A7C2 /* MACAddress.m in Sources */,
			);
			runOnlyForDeploymentPostprocessing = 0;
		};
/* End PBXSourcesBuildPhase section */

/* Begin PBXVariantGroup section */
		B22B856A15653CEF0001A7C2 /* InfoPlist.strings */ = {
			isa = PBXVariantGroup;
			children = (
				B22B856B15653CEF0001A7C2 /* en */,
			);
			name = InfoPlist.strings;
			sourceTree = "<group>";
		};
		B22B857015653CF00001A7C2 /* Credits.rtf */ = {
			isa = PBXVariantGroup;
			children = (
				B22B857115653CF00001A7C2 /* en */,
			);
			name = Credits.rtf;
			sourceTree = "<group>";
		};
		B22B857615653CF00001A7C2 /* MainMenu.xib */ = {
			isa = PBXVariantGroup;
			children = (
				B22B857715653CF00001A7C2 /* en */,
			);
			name = MainMenu.xib;
			sourceTree = "<group>";
		};
/* End PBXVariantGroup section */

/* Begin XCBuildConfiguration section */
		B22B857915653CF00001A7C2 /* Debug */ = {
			isa = XCBuildConfiguration;
			buildSettings = {
				ALWAYS_SEARCH_USER_PATHS = NO;
				ARCHS = "$(ARCHS_STANDARD_64_BIT)";
				CLANG_ENABLE_OBJC_ARC = YES;
				COPY_PHASE_STRIP = NO;
				GCC_C_LANGUAGE_STANDARD = gnu99;
				GCC_DYNAMIC_NO_PIC = NO;
				GCC_ENABLE_OBJC_EXCEPTIONS = YES;
				GCC_OPTIMIZATION_LEVEL = 0;
				GCC_PREPROCESSOR_DEFINITIONS = (
					"DEBUG=1",
					"$(inherited)",
				);
				GCC_SYMBOLS_PRIVATE_EXTERN = NO;
				GCC_VERSION = com.apple.compilers.llvm.clang.1_0;
				GCC_WARN_64_TO_32_BIT_CONVERSION = YES;
				GCC_WARN_ABOUT_RETURN_TYPE = YES;
				GCC_WARN_UNINITIALIZED_AUTOS = YES;
				GCC_WARN_UNUSED_VARIABLE = YES;
				MACOSX_DEPLOYMENT_TARGET = 10.7;
				ONLY_ACTIVE_ARCH = YES;
				SDKROOT = macosx;
			};
			name = Debug;
		};
		B22B857A15653CF00001A7C2 /* Release */ = {
			isa = XCBuildConfiguration;
			buildSettings = {
				ALWAYS_SEARCH_USER_PATHS = NO;
				ARCHS = "$(ARCHS_STANDARD_64_BIT)";
				CLANG_ENABLE_OBJC_ARC = YES;
				COPY_PHASE_STRIP = YES;
				DEBUG_INFORMATION_FORMAT = "dwarf-with-dsym";
				GCC_C_LANGUAGE_STANDARD = gnu99;
				GCC_ENABLE_OBJC_EXCEPTIONS = YES;
				GCC_VERSION = com.apple.compilers.llvm.clang.1_0;
				GCC_WARN_64_TO_32_BIT_CONVERSION = YES;
				GCC_WARN_ABOUT_RETURN_TYPE = YES;
				GCC_WARN_UNINITIALIZED_AUTOS = YES;
				GCC_WARN_UNUSED_VARIABLE = YES;
				MACOSX_DEPLOYMENT_TARGET = 10.7;
				SDKROOT = macosx;
			};
			name = Release;
		};
		B22B857C15653CF00001A7C2 /* Debug */ = {
			isa = XCBuildConfiguration;
			buildSettings = {
				GCC_PRECOMPILE_PREFIX_HEADER = YES;
				GCC_PREFIX_HEADER = "MACAddress/MACAddress-Prefix.pch";
				INFOPLIST_FILE = "MACAddress/MACAddress-Info.plist";
				PRODUCT_NAME = "$(TARGET_NAME)";
				WRAPPER_EXTENSION = app;
			};
			name = Debug;
		};
		B22B857D15653CF00001A7C2 /* Release */ = {
			isa = XCBuildConfiguration;
			buildSettings = {
				GCC_PRECOMPILE_PREFIX_HEADER = YES;
				GCC_PREFIX_HEADER = "MACAddress/MACAddress-Prefix.pch";
				INFOPLIST_FILE = "MACAddress/MACAddress-Info.plist";
				PRODUCT_NAME = "$(TARGET_NAME)";
				WRAPPER_EXTENSION = app;
			};
			name = Release;
		};
/* End XCBuildConfiguration section */

/* Begin XCConfigurationList section */
		B22B855715653CEF0001A7C2 /* Build configuration list for PBXProject "MACAddress" */ = {
			isa = XCConfigurationList;
			buildConfigurations = (
				B22B857915653CF00001A7C2 /* Debug */,
				B22B857A15653CF00001A7C2 /* Release */,
			);
			defaultConfigurationIsVisible = 0;
			defaultConfigurationName = Release;
		};
		B22B857B15653CF00001A7C2 /* Build configuration list for PBXNativeTarget "MACAddress" */ = {
			isa = XCConfigurationList;
			buildConfigurations = (
				B22B857C15653CF00001A7C2 /* Debug */,
				B22B857D15653CF00001A7C2 /* Release */,
			);
			defaultConfigurationIsVisible = 0;
		};
/* End XCConfigurationList section */
	};
	rootObject = B22B855415653CEF0001A7C2 /* Project object */;
}
